{
  "object": {
    "pins": [
      {
        "package": "LegibleError",
        "repositoryURL": "https://github.com/mxcl/LegibleError",
        "state": {
          "branch": null,
          "revision": "c615c01e461e8a3495ba4ea75f5d671c76820105",
          "version": "1.0.1"
        }
      },
      {
        "package": "Path.swift",
        "repositoryURL": "https://github.com/mxcl/Path.swift",
        "state": {
          "branch": null,
          "revision": "2880aa556bf5fbebb2d3811501ba1687283081ff",
          "version": "0.15.2"
        }
      },
      {
        "package": "Version",
        "repositoryURL": "https://github.com/mxcl/Version",
        "state": {
          "branch": null,
          "revision": "e81882f84b46932e4b3e14896039f906551d6451",
          "version": "1.0.1"
        }
      }
    ]
  },
  "version": 1
}
