{
  "object": {
    "pins": [
      {
        "package": "LegibleError",
        "repositoryURL": "https://github.com/mxcl/LegibleError",
        "state": {
          "branch": null,
          "revision": "c615c01e461e8a3495ba4ea75f5d671c76820105",
          "version": "1.0.1"
        }
      },
      {
        "package": "Path.swift",
        "repositoryURL": "https://github.com/mxcl/Path.swift",
        "state": {
          "branch": null,
          "revision": "28f84d396102d58c5b88e624cb8724dc1be5a74d",
          "version": "0.15.1"
        }
      },
      {
        "package": "Version",
        "repositoryURL": "https://github.com/mxcl/Version",
        "state": {
          "branch": null,
          "revision": "8995f058f05e4521dc4c923ca1470d0598ced3ea",
          "version": "1.0.0"
        }
      }
    ]
  },
  "version": 1
}
